Microsoft Visual Studio Solution File, Format Version 12.00
# Visual Studio 2012
Project("{FAE04EC0-301F-11D3-BF4B-00C04F79EFBC}") = "Math Mania Repository", "Math Mania Repository.csproj", "{207C6F54-92F2-4208-8F3E-E4C55769971A}"
EndProject
Global
	GlobalSection(SolutionConfigurationPlatforms) = preSolution
	Debug|Any CPU = Debug|Any CPU
	ExportDebug|Any CPU = ExportDebug|Any CPU
	ExportRelease|Any CPU = ExportRelease|Any CPU
	EndGlobalSection
	GlobalSection(ProjectConfigurationPlatforms) = postSolution
		{207C6F54-92F2-4208-8F3E-E4C55769971A}.Debug|Any CPU.ActiveCfg = Debug|Any CPU
		{207C6F54-92F2-4208-8F3E-E4C55769971A}.Debug|Any CPU.Build.0 = Debug|Any CPU
		{207C6F54-92F2-4208-8F3E-E4C55769971A}.ExportDebug|Any CPU.ActiveCfg = ExportDebug|Any CPU
		{207C6F54-92F2-4208-8F3E-E4C55769971A}.ExportDebug|Any CPU.Build.0 = ExportDebug|Any CPU
		{207C6F54-92F2-4208-8F3E-E4C55769971A}.ExportRelease|Any CPU.ActiveCfg = ExportRelease|Any CPU
		{207C6F54-92F2-4208-8F3E-E4C55769971A}.ExportRelease|Any CPU.Build.0 = ExportRelease|Any CPU
	EndGlobalSection
EndGlobal
